
Microsoft Visual Studio Solution File, Format Version 12.00
# Visual Studio Version 16
VisualStudioVersion = 16.0.31129.286
MinimumVisualStudioVersion = 10.0.40219.1
Project("{8BC9CEB8-8B4A-11D0-8D11-00A0C91BC942}") = "RaycastGame", "RaycastGame\RaycastGame.vcxproj", "{91CB685F-5D59-4EAC-8C8B-C33A9A47689B}"
EndProject
Global
	GlobalSection(SolutionConfigurationPlatforms) = preSolution
		Debug|x64 = Debug|x64
		Debug|x86 = Debug|x86
		Release|x64 = Release|x64
		Release|x86 = Release|x86
	EndGlobalSection
	GlobalSection(ProjectConfigurationPlatforms) = postSolution
		{91CB685F-5D59-4EAC-8C8B-C33A9A47689B}.Debug|x64.ActiveCfg = Debug|x64
		{91CB685F-5D59-4EAC-8C8B-C33A9A47689B}.Debug|x64.Build.0 = Debug|x64
		{91CB685F-5D59-4EAC-8C8B-C33A9A47689B}.Debug|x86.ActiveCfg = Debug|Win32
		{91CB685F-5D59-4EAC-8C8B-C33A9A47689B}.Debug|x86.Build.0 = Debug|Win32
		{91CB685F-5D59-4EAC-8C8B-C33A9A47689B}.Release|x64.ActiveCfg = Release|x64
		{91CB685F-5D59-4EAC-8C8B-C33A9A47689B}.Release|x64.Build.0 = Release|x64
		{91CB685F-5D59-4EAC-8C8B-C33A9A47689B}.Release|x86.ActiveCfg = Release|Win32
		{91CB685F-5D59-4EAC-8C8B-C33A9A47689B}.Release|x86.Build.0 = Release|Win32
	EndGlobalSection
	GlobalSection(SolutionProperties) = preSolution
		HideSolutionNode = FALSE
	EndGlobalSection
	GlobalSection(ExtensibilityGlobals) = postSolution
		SolutionGuid = {C160B481-71A7-4293-AE38-3A2A456D6B48}
	EndGlobalSection
EndGlobal
